
Microsoft Visual Studio Solution File, Format Version 12.00
# Visual Studio Version 16
VisualStudioVersion = 16.0.808.3
MinimumVisualStudioVersion = 10.0.40219.1
Project("{FAE04EC0-301F-11D3-BF4B-00C04F79EFBC}") = "Cooking", "Cooking\Cooking.csproj", "{2417616F-7869-4394-BCD2-CA5AE8655617}"
EndProject
Project("{FAE04EC0-301F-11D3-BF4B-00C04F79EFBC}") = "Selling", "Selling\Selling.csproj", "{D16537F3-D4B0-478F-8A86-368ACFA7AB3B}"
EndProject
Project("{FAE04EC0-301F-11D3-BF4B-00C04F79EFBC}") = "Openning", "Openning\Openning.csproj", "{0BA256C3-0F21-4466-8CFC-62E716DDCECF}"
EndProject
Global
	GlobalSection(SolutionConfigurationPlatforms) = preSolution
		Debug|Any CPU = Debug|Any CPU
		Release|Any CPU = Release|Any CPU
	EndGlobalSection
	GlobalSection(ProjectConfigurationPlatforms) = postSolution
		{2417616F-7869-4394-BCD2-CA5AE8655617}.Debug|Any CPU.ActiveCfg = Debug|Any CPU
		{2417616F-7869-4394-BCD2-CA5AE8655617}.Debug|Any CPU.Build.0 = Debug|Any CPU
		{2417616F-7869-4394-BCD2-CA5AE8655617}.Release|Any CPU.ActiveCfg = Release|Any CPU
		{2417616F-7869-4394-BCD2-CA5AE8655617}.Release|Any CPU.Build.0 = Release|Any CPU
		{D16537F3-D4B0-478F-8A86-368ACFA7AB3B}.Debug|Any CPU.ActiveCfg = Debug|Any CPU
		{D16537F3-D4B0-478F-8A86-368ACFA7AB3B}.Debug|Any CPU.Build.0 = Debug|Any CPU
		{D16537F3-D4B0-478F-8A86-368ACFA7AB3B}.Release|Any CPU.ActiveCfg = Release|Any CPU
		{D16537F3-D4B0-478F-8A86-368ACFA7AB3B}.Release|Any CPU.Build.0 = Release|Any CPU
		{0BA256C3-0F21-4466-8CFC-62E716DDCECF}.Debug|Any CPU.ActiveCfg = Debug|Any CPU
		{0BA256C3-0F21-4466-8CFC-62E716DDCECF}.Debug|Any CPU.Build.0 = Debug|Any CPU
		{0BA256C3-0F21-4466-8CFC-62E716DDCECF}.Release|Any CPU.ActiveCfg = Release|Any CPU
		{0BA256C3-0F21-4466-8CFC-62E716DDCECF}.Release|Any CPU.Build.0 = Release|Any CPU
	EndGlobalSection
	GlobalSection(SolutionProperties) = preSolution
		HideSolutionNode = FALSE
	EndGlobalSection
	GlobalSection(ExtensibilityGlobals) = postSolution
		SolutionGuid = {54A09929-9D7B-4DBC-B8AF-896961364D70}
	EndGlobalSection
EndGlobal
